
Microsoft Visual Studio Solution File, Format Version 12.00
# Visual Studio 14
VisualStudioVersion = 14.0.23107.0
MinimumVisualStudioVersion = 10.0.40219.1
Project("{FAE04EC0-301F-11D3-BF4B-00C04F79EFBC}") = "NHSPatientServicesDAC", "NHSPatientServicesDAC\NHSPatientServicesDAC.csproj", "{94638526-D5CD-4C6A-A710-2B3866EA80E3}"
EndProject
Project("{FAE04EC0-301F-11D3-BF4B-00C04F79EFBC}") = "NHSPatientServicesService", "NHSPatientServicesService\NHSPatientServicesService.csproj", "{EFC13BED-C059-4CB9-A664-7FE7875BB8D5}"
EndProject
Global
	GlobalSection(SolutionConfigurationPlatforms) = preSolution
		Debug|Any CPU = Debug|Any CPU
		Release|Any CPU = Release|Any CPU
	EndGlobalSection
	GlobalSection(ProjectConfigurationPlatforms) = postSolution
		{94638526-D5CD-4C6A-A710-2B3866EA80E3}.Debug|Any CPU.ActiveCfg = Debug|Any CPU
		{94638526-D5CD-4C6A-A710-2B3866EA80E3}.Debug|Any CPU.Build.0 = Debug|Any CPU
		{94638526-D5CD-4C6A-A710-2B3866EA80E3}.Release|Any CPU.ActiveCfg = Release|Any CPU
		{94638526-D5CD-4C6A-A710-2B3866EA80E3}.Release|Any CPU.Build.0 = Release|Any CPU
		{EFC13BED-C059-4CB9-A664-7FE7875BB8D5}.Debug|Any CPU.ActiveCfg = Debug|Any CPU
		{EFC13BED-C059-4CB9-A664-7FE7875BB8D5}.Debug|Any CPU.Build.0 = Debug|Any CPU
		{EFC13BED-C059-4CB9-A664-7FE7875BB8D5}.Release|Any CPU.ActiveCfg = Release|Any CPU
		{EFC13BED-C059-4CB9-A664-7FE7875BB8D5}.Release|Any CPU.Build.0 = Release|Any CPU
	EndGlobalSection
	GlobalSection(SolutionProperties) = preSolution
		HideSolutionNode = FALSE
	EndGlobalSection
EndGlobal
